
Microsoft Visual Studio Solution File, Format Version 12.00
# Visual Studio 15
VisualStudioVersion = 15.0.28010.2003
MinimumVisualStudioVersion = 10.0.40219.1
Project("{9A19103F-16F7-4668-BE54-9A1E7A4F7556}") = "PolicyManager", "PolicyManager\PolicyManager.csproj", "{2F33FB20-D574-4C6D-9888-E734CE8D9D1B}"
EndProject
Project("{9A19103F-16F7-4668-BE54-9A1E7A4F7556}") = "PolicyManager.Setup", "PolicyManager.Setup\PolicyManager.Setup.csproj", "{602E1304-2E42-4E82-9047-C4514E15F653}"
EndProject
Project("{9A19103F-16F7-4668-BE54-9A1E7A4F7556}") = "PolicyManager.DataAccess", "PolicyManager.DataAccess\PolicyManager.DataAccess.csproj", "{E1BC67B7-46FB-4960-9139-C4AAC27BE11E}"
EndProject
Project("{9A19103F-16F7-4668-BE54-9A1E7A4F7556}") = "PolicyManager.Lexer", "PolicyManager.Lexer\PolicyManager.Lexer.csproj", "{F5F74A0F-4698-4F1D-AA14-ED661F2416F7}"
EndProject
Project("{9A19103F-16F7-4668-BE54-9A1E7A4F7556}") = "PolicyManager.Lexer.Tests", "PolicyManager.Lexer.Tests\PolicyManager.Lexer.Tests.csproj", "{19BEC771-F246-4F94-9283-1B3AA0D553EA}"
EndProject
Project("{2150E333-8FDC-42A3-9474-1A3956D46DE8}") = "Solution Items", "Solution Items", "{6F4CA2CA-7ED6-47D2-9D61-E0D44ACED1F1}"
	ProjectSection(SolutionItems) = preProject
		..\..\README.md = ..\..\README.md
	EndProjectSection
EndProject
Global
	GlobalSection(SolutionConfigurationPlatforms) = preSolution
		Debug|Any CPU = Debug|Any CPU
		Release|Any CPU = Release|Any CPU
	EndGlobalSection
	GlobalSection(ProjectConfigurationPlatforms) = postSolution
		{2F33FB20-D574-4C6D-9888-E734CE8D9D1B}.Debug|Any CPU.ActiveCfg = Debug|Any CPU
		{2F33FB20-D574-4C6D-9888-E734CE8D9D1B}.Debug|Any CPU.Build.0 = Debug|Any CPU
		{2F33FB20-D574-4C6D-9888-E734CE8D9D1B}.Release|Any CPU.ActiveCfg = Release|Any CPU
		{2F33FB20-D574-4C6D-9888-E734CE8D9D1B}.Release|Any CPU.Build.0 = Release|Any CPU
		{602E1304-2E42-4E82-9047-C4514E15F653}.Debug|Any CPU.ActiveCfg = Debug|Any CPU
		{602E1304-2E42-4E82-9047-C4514E15F653}.Debug|Any CPU.Build.0 = Debug|Any CPU
		{602E1304-2E42-4E82-9047-C4514E15F653}.Release|Any CPU.ActiveCfg = Release|Any CPU
		{602E1304-2E42-4E82-9047-C4514E15F653}.Release|Any CPU.Build.0 = Release|Any CPU
		{E1BC67B7-46FB-4960-9139-C4AAC27BE11E}.Debug|Any CPU.ActiveCfg = Debug|Any CPU
		{E1BC67B7-46FB-4960-9139-C4AAC27BE11E}.Debug|Any CPU.Build.0 = Debug|Any CPU
		{E1BC67B7-46FB-4960-9139-C4AAC27BE11E}.Release|Any CPU.ActiveCfg = Release|Any CPU
		{E1BC67B7-46FB-4960-9139-C4AAC27BE11E}.Release|Any CPU.Build.0 = Release|Any CPU
		{F5F74A0F-4698-4F1D-AA14-ED661F2416F7}.Debug|Any CPU.ActiveCfg = Debug|Any CPU
		{F5F74A0F-4698-4F1D-AA14-ED661F2416F7}.Debug|Any CPU.Build.0 = Debug|Any CPU
		{F5F74A0F-4698-4F1D-AA14-ED661F2416F7}.Release|Any CPU.ActiveCfg = Release|Any CPU
		{F5F74A0F-4698-4F1D-AA14-ED661F2416F7}.Release|Any CPU.Build.0 = Release|Any CPU
		{19BEC771-F246-4F94-9283-1B3AA0D553EA}.Debug|Any CPU.ActiveCfg = Debug|Any CPU
		{19BEC771-F246-4F94-9283-1B3AA0D553EA}.Debug|Any CPU.Build.0 = Debug|Any CPU
		{19BEC771-F246-4F94-9283-1B3AA0D553EA}.Release|Any CPU.ActiveCfg = Release|Any CPU
		{19BEC771-F246-4F94-9283-1B3AA0D553EA}.Release|Any CPU.Build.0 = Release|Any CPU
	EndGlobalSection
	GlobalSection(SolutionProperties) = preSolution
		HideSolutionNode = FALSE
	EndGlobalSection
	GlobalSection(ExtensibilityGlobals) = postSolution
		SolutionGuid = {4CBF7FC4-BF4A-4364-A65C-3687C3891EA3}
	EndGlobalSection
EndGlobal
